// !$*UTF8*$!
{
	archiveVersion = 1;
	classes = {
	};
	objectVersion = 48;
	objects = {

/* Begin PBXBuildFile section */
		19687D0B1FA3AFA8003E4268 /* AppDelegate.swift in Sources */ = {isa = PBXBuildFile; fileRef = 19687D0A1FA3AFA8003E4268 /* AppDelegate.swift */; };
		19687D0D1FA3AFA8003E4268 /* MainLoginViewController.swift in Sources */ = {isa = PBXBuildFile; fileRef = 19687D0C1FA3AFA8003E4268 /* MainLoginViewController.swift */; };
		19687D121FA3AFA9003E4268 /* Assets.xcassets in Resources */ = {isa = PBXBuildFile; fileRef = 19687D111FA3AFA9003E4268 /* Assets.xcassets */; };
		19687D151FA3AFA9003E4268 /* LaunchScreen.storyboard in Resources */ = {isa = PBXBuildFile; fileRef = 19687D131FA3AFA9003E4268 /* LaunchScreen.storyboard */; };
		19687D201FA3AFAA003E4268 /* ASDevelopTests.swift in Sources */ = {isa = PBXBuildFile; fileRef = 19687D1F1FA3AFAA003E4268 /* ASDevelopTests.swift */; };
		19687D2B1FA3AFAA003E4268 /* ASDevelopUITests.swift in Sources */ = {isa = PBXBuildFile; fileRef = 19687D2A1FA3AFAA003E4268 /* ASDevelopUITests.swift */; };
		19691E8A1FACE240007FCCC9 /* GoogleService-Info.plist in Resources */ = {isa = PBXBuildFile; fileRef = 19691E891FACE240007FCCC9 /* GoogleService-Info.plist */; };
		23462B741FB52DE500571EAA /* ModuleFinishViewController.swift in Sources */ = {isa = PBXBuildFile; fileRef = 23462B731FB52DE500571EAA /* ModuleFinishViewController.swift */; };
		237CC5A81FB398E70098E867 /* InstructorClassroomViewController.swift in Sources */ = {isa = PBXBuildFile; fileRef = 237CC5A71FB398E70098E867 /* InstructorClassroomViewController.swift */; };
		237CC5AD1FB39CF70098E867 /* positive.wav in Resources */ = {isa = PBXBuildFile; fileRef = 237CC5AB1FB39CF70098E867 /* positive.wav */; };
		237CC5AE1FB39CF70098E867 /* negative.wav in Resources */ = {isa = PBXBuildFile; fileRef = 237CC5AC1FB39CF70098E867 /* negative.wav */; };
		238312561FB1263A00DB4993 /* Main.storyboard in Resources */ = {isa = PBXBuildFile; fileRef = 238312541FB1263900DB4993 /* Main.storyboard */; };
		238312621FB1268000DB4993 /* classes.swift in Sources */ = {isa = PBXBuildFile; fileRef = 238312581FB1267F00DB4993 /* classes.swift */; };
		238312631FB1268000DB4993 /* RegisterPageViewController.swift in Sources */ = {isa = PBXBuildFile; fileRef = 238312591FB1267F00DB4993 /* RegisterPageViewController.swift */; };
		238312641FB1268000DB4993 /* StudentModulesViewController.swift in Sources */ = {isa = PBXBuildFile; fileRef = 2383125A1FB1267F00DB4993 /* StudentModulesViewController.swift */; };
		238312661FB1268000DB4993 /* ModuleStartViewController.swift in Sources */ = {isa = PBXBuildFile; fileRef = 2383125C1FB1267F00DB4993 /* ModuleStartViewController.swift */; };
		238312671FB1268000DB4993 /* NewModuleViewController.swift in Sources */ = {isa = PBXBuildFile; fileRef = 2383125D1FB1268000DB4993 /* NewModuleViewController.swift */; };
		238312691FB1268000DB4993 /* EmotionRecognitionGameViewController.swift in Sources */ = {isa = PBXBuildFile; fileRef = 2383125F1FB1268000DB4993 /* EmotionRecognitionGameViewController.swift */; };
		2383126A1FB1268000DB4993 /* NewStudentViewController.swift in Sources */ = {isa = PBXBuildFile; fileRef = 238312601FB1268000DB4993 /* NewStudentViewController.swift */; };
		23DF53991FBFCCD600479D4E /* StudentProgressViewController.swift in Sources */ = {isa = PBXBuildFile; fileRef = 23DF53981FBFCCD600479D4E /* StudentProgressViewController.swift */; };
		4E4D773EE2081955D9C28A79 /* Pods_ASDevelopUITests.framework in Frameworks */ = {isa = PBXBuildFile; fileRef = 2558C9DF05B80FBEB5EF7065 /* Pods_ASDevelopUITests.framework */; };
		C614BB3526D767812C71C606 /* Pods_ASDevelop.framework in Frameworks */ = {isa = PBXBuildFile; fileRef = 3DEA4F1326E2920A510904E7 /* Pods_ASDevelop.framework */; };
		E07C4279639DB386CFE95EF7 /* Pods_ASDevelopTests.framework in Frameworks */ = {isa = PBXBuildFile; fileRef = DEAFD165636B5137EC931E4C /* Pods_ASDevelopTests.framework */; };
/* End PBXBuildFile section */

/* Begin PBXContainerItemProxy section */
		19687D1C1FA3AFA9003E4268 /* PBXContainerItemProxy */ = {
			isa = PBXContainerItemProxy;
			containerPortal = 19687CFF1FA3AFA8003E4268 /* Project object */;
			proxyType = 1;
			remoteGlobalIDString = 19687D061FA3AFA8003E4268;
			remoteInfo = ASDevelop;
		};
		19687D271FA3AFAA003E4268 /* PBXContainerItemProxy */ = {
			isa = PBXContainerItemProxy;
			containerPortal = 19687CFF1FA3AFA8003E4268 /* Project object */;
			proxyType = 1;
			remoteGlobalIDString = 19687D061FA3AFA8003E4268;
			remoteInfo = ASDevelop;
		};
/* End PBXContainerItemProxy section */

/* Begin PBXFileReference section */
		19687D071FA3AFA8003E4268 /* ASDevelop.app */ = {isa = PBXFileReference; explicitFileType = wrapper.application; includeInIndex = 0; path = ASDevelop.app; sourceTree = BUILT_PRODUCTS_DIR; };
		19687D0A1FA3AFA8003E4268 /* AppDelegate.swift */ = {isa = PBXFileReference; lastKnownFileType = sourcecode.swift; path = AppDelegate.swift; sourceTree = "<group>"; };
		19687D0C1FA3AFA8003E4268 /* MainLoginViewController.swift */ = {isa = PBXFileReference; lastKnownFileType = sourcecode.swift; path = MainLoginViewController.swift; sourceTree = "<group>"; };
		19687D111FA3AFA9003E4268 /* Assets.xcassets */ = {isa = PBXFileReference; lastKnownFileType = folder.assetcatalog; path = Assets.xcassets; sourceTree = "<group>"; };
		19687D141FA3AFA9003E4268 /* Base */ = {isa = PBXFileReference; lastKnownFileType = file.storyboard; name = Base; path = Base.lproj/LaunchScreen.storyboard; sourceTree = "<group>"; };
		19687D161FA3AFA9003E4268 /* Info.plist */ = {isa = PBXFileReference; lastKnownFileType = text.plist.xml; path = Info.plist; sourceTree = "<group>"; };
		19687D1B1FA3AFA9003E4268 /* ASDevelopTests.xctest */ = {isa = PBXFileReference; explicitFileType = wrapper.cfbundle; includeInIndex = 0; path = ASDevelopTests.xctest; sourceTree = BUILT_PRODUCTS_DIR; };
		19687D1F1FA3AFAA003E4268 /* ASDevelopTests.swift */ = {isa = PBXFileReference; lastKnownFileType = sourcecode.swift; path = ASDevelopTests.swift; sourceTree = "<group>"; };
		19687D211FA3AFAA003E4268 /* Info.plist */ = {isa = PBXFileReference; lastKnownFileType = text.plist.xml; path = Info.plist; sourceTree = "<group>"; };
		19687D261FA3AFAA003E4268 /* ASDevelopUITests.xctest */ = {isa = PBXFileReference; explicitFileType = wrapper.cfbundle; includeInIndex = 0; path = ASDevelopUITests.xctest; sourceTree = BUILT_PRODUCTS_DIR; };
		19687D2A1FA3AFAA003E4268 /* ASDevelopUITests.swift */ = {isa = PBXFileReference; lastKnownFileType = sourcecode.swift; path = ASDevelopUITests.swift; sourceTree = "<group>"; };
		19687D2C1FA3AFAB003E4268 /* Info.plist */ = {isa = PBXFileReference; lastKnownFileType = text.plist.xml; path = Info.plist; sourceTree = "<group>"; };
		19691E891FACE240007FCCC9 /* GoogleService-Info.plist */ = {isa = PBXFileReference; fileEncoding = 4; lastKnownFileType = text.plist.xml; path = "GoogleService-Info.plist"; sourceTree = "<group>"; };
		23462B731FB52DE500571EAA /* ModuleFinishViewController.swift */ = {isa = PBXFileReference; lastKnownFileType = sourcecode.swift; path = ModuleFinishViewController.swift; sourceTree = "<group>"; };
		237CC5A71FB398E70098E867 /* InstructorClassroomViewController.swift */ = {isa = PBXFileReference; lastKnownFileType = sourcecode.swift; path = InstructorClassroomViewController.swift; sourceTree = "<group>"; };
		237CC5AB1FB39CF70098E867 /* positive.wav */ = {isa = PBXFileReference; lastKnownFileType = audio.wav; path = positive.wav; sourceTree = "<group>"; };
		237CC5AC1FB39CF70098E867 /* negative.wav */ = {isa = PBXFileReference; lastKnownFileType = audio.wav; path = negative.wav; sourceTree = "<group>"; };
		238312551FB1263900DB4993 /* Base */ = {isa = PBXFileReference; lastKnownFileType = file.storyboard; name = Base; path = Base.lproj/Main.storyboard; sourceTree = "<group>"; };
		238312581FB1267F00DB4993 /* classes.swift */ = {isa = PBXFileReference; fileEncoding = 4; lastKnownFileType = sourcecode.swift; path = classes.swift; sourceTree = "<group>"; };
		238312591FB1267F00DB4993 /* RegisterPageViewController.swift */ = {isa = PBXFileReference; fileEncoding = 4; lastKnownFileType = sourcecode.swift; path = RegisterPageViewController.swift; sourceTree = "<group>"; };
		2383125A1FB1267F00DB4993 /* StudentModulesViewController.swift */ = {isa = PBXFileReference; fileEncoding = 4; lastKnownFileType = sourcecode.swift; path = StudentModulesViewController.swift; sourceTree = "<group>"; };
		2383125C1FB1267F00DB4993 /* ModuleStartViewController.swift */ = {isa = PBXFileReference; fileEncoding = 4; lastKnownFileType = sourcecode.swift; path = ModuleStartViewController.swift; sourceTree = "<group>"; };
		2383125D1FB1268000DB4993 /* NewModuleViewController.swift */ = {isa = PBXFileReference; fileEncoding = 4; lastKnownFileType = sourcecode.swift; path = NewModuleViewController.swift; sourceTree = "<group>"; };
		2383125F1FB1268000DB4993 /* EmotionRecognitionGameViewController.swift */ = {isa = PBXFileReference; fileEncoding = 4; lastKnownFileType = sourcecode.swift; path = EmotionRecognitionGameViewController.swift; sourceTree = "<group>"; };
		238312601FB1268000DB4993 /* NewStudentViewController.swift */ = {isa = PBXFileReference; fileEncoding = 4; lastKnownFileType = sourcecode.swift; path = NewStudentViewController.swift; sourceTree = "<group>"; };
		23DF53981FBFCCD600479D4E /* StudentProgressViewController.swift */ = {isa = PBXFileReference; lastKnownFileType = sourcecode.swift; path = StudentProgressViewController.swift; sourceTree = "<group>"; };
		2558C9DF05B80FBEB5EF7065 /* Pods_ASDevelopUITests.framework */ = {isa = PBXFileReference; explicitFileType = wrapper.framework; includeInIndex = 0; path = Pods_ASDevelopUITests.framework; sourceTree = BUILT_PRODUCTS_DIR; };
		283151B90F62450811B24B53 /* Pods-ASDevelop.release.xcconfig */ = {isa = PBXFileReference; includeInIndex = 1; lastKnownFileType = text.xcconfig; name = "Pods-ASDevelop.release.xcconfig"; path = "Pods/Target Support Files/Pods-ASDevelop/Pods-ASDevelop.release.xcconfig"; sourceTree = "<group>"; };
		3234BEE1E51C908C2243CF9B /* Pods-ASDevelopUITests.debug.xcconfig */ = {isa = PBXFileReference; includeInIndex = 1; lastKnownFileType = text.xcconfig; name = "Pods-ASDevelopUITests.debug.xcconfig"; path = "Pods/Target Support Files/Pods-ASDevelopUITests/Pods-ASDevelopUITests.debug.xcconfig"; sourceTree = "<group>"; };
		3A1DCDECEADC188F9520AF17 /* Pods-ASDevelopUITests.release.xcconfig */ = {isa = PBXFileReference; includeInIndex = 1; lastKnownFileType = text.xcconfig; name = "Pods-ASDevelopUITests.release.xcconfig"; path = "Pods/Target Support Files/Pods-ASDevelopUITests/Pods-ASDevelopUITests.release.xcconfig"; sourceTree = "<group>"; };
		3DEA4F1326E2920A510904E7 /* Pods_ASDevelop.framework */ = {isa = PBXFileReference; explicitFileType = wrapper.framework; includeInIndex = 0; path = Pods_ASDevelop.framework; sourceTree = BUILT_PRODUCTS_DIR; };
		5CF9FB3C2386746D615D9EDD /* Pods-ASDevelopTests.release.xcconfig */ = {isa = PBXFileReference; includeInIndex = 1; lastKnownFileType = text.xcconfig; name = "Pods-ASDevelopTests.release.xcconfig"; path = "Pods/Target Support Files/Pods-ASDevelopTests/Pods-ASDevelopTests.release.xcconfig"; sourceTree = "<group>"; };
		DEAFD165636B5137EC931E4C /* Pods_ASDevelopTests.framework */ = {isa = PBXFileReference; explicitFileType = wrapper.framework; includeInIndex = 0; path = Pods_ASDevelopTests.framework; sourceTree = BUILT_PRODUCTS_DIR; };
		F374209FF2C2607281947F25 /* Pods-ASDevelopTests.debug.xcconfig */ = {isa = PBXFileReference; includeInIndex = 1; lastKnownFileType = text.xcconfig; name = "Pods-ASDevelopTests.debug.xcconfig"; path = "Pods/Target Support Files/Pods-ASDevelopTests/Pods-ASDevelopTests.debug.xcconfig"; sourceTree = "<group>"; };
		F4D154B0F00E08C1DEC0A47E /* Pods-ASDevelop.debug.xcconfig */ = {isa = PBXFileReference; includeInIndex = 1; lastKnownFileType = text.xcconfig; name = "Pods-ASDevelop.debug.xcconfig"; path = "Pods/Target Support Files/Pods-ASDevelop/Pods-ASDevelop.debug.xcconfig"; sourceTree = "<group>"; };
/* End PBXFileReference section */

/* Begin PBXFrameworksBuildPhase section */
		19687D041FA3AFA8003E4268 /* Frameworks */ = {
			isa = PBXFrameworksBuildPhase;
			buildActionMask = 2147483647;
			files = (
				C614BB3526D767812C71C606 /* Pods_ASDevelop.framework in Frameworks */,
			);
			runOnlyForDeploymentPostprocessing = 0;
		};
		19687D181FA3AFA9003E4268 /* Frameworks */ = {
			isa = PBXFrameworksBuildPhase;
			buildActionMask = 2147483647;
			files = (
				E07C4279639DB386CFE95EF7 /* Pods_ASDevelopTests.framework in Frameworks */,
			);
			runOnlyForDeploymentPostprocessing = 0;
		};
		19687D231FA3AFAA003E4268 /* Frameworks */ = {
			isa = PBXFrameworksBuildPhase;
			buildActionMask = 2147483647;
			files = (
				4E4D773EE2081955D9C28A79 /* Pods_ASDevelopUITests.framework in Frameworks */,
			);
			runOnlyForDeploymentPostprocessing = 0;
		};
/* End PBXFrameworksBuildPhase section */

/* Begin PBXGroup section */
		19687CFE1FA3AFA8003E4268 = {
			isa = PBXGroup;
			children = (
				19687D091FA3AFA8003E4268 /* ASDevelop */,
				19687D1E1FA3AFAA003E4268 /* ASDevelopTests */,
				19687D291FA3AFAA003E4268 /* ASDevelopUITests */,
				19687D081FA3AFA8003E4268 /* Products */,
				DB31E6AA5724CCA9BBCDF458 /* Pods */,
				87AAAE7B355F1ED280B702DF /* Frameworks */,
			);
			sourceTree = "<group>";
		};
		19687D081FA3AFA8003E4268 /* Products */ = {
			isa = PBXGroup;
			children = (
				19687D071FA3AFA8003E4268 /* ASDevelop.app */,
				19687D1B1FA3AFA9003E4268 /* ASDevelopTests.xctest */,
				19687D261FA3AFAA003E4268 /* ASDevelopUITests.xctest */,
			);
			name = Products;
			sourceTree = "<group>";
		};
		19687D091FA3AFA8003E4268 /* ASDevelop */ = {
			isa = PBXGroup;
			children = (
				238312541FB1263900DB4993 /* Main.storyboard */,
				238312581FB1267F00DB4993 /* classes.swift */,
				19687D0A1FA3AFA8003E4268 /* AppDelegate.swift */,
				19687D0C1FA3AFA8003E4268 /* MainLoginViewController.swift */,
				238312591FB1267F00DB4993 /* RegisterPageViewController.swift */,
				237CC5A71FB398E70098E867 /* InstructorClassroomViewController.swift */,
				238312601FB1268000DB4993 /* NewStudentViewController.swift */,
				2383125A1FB1267F00DB4993 /* StudentModulesViewController.swift */,
				23DF53981FBFCCD600479D4E /* StudentProgressViewController.swift */,
				2383125D1FB1268000DB4993 /* NewModuleViewController.swift */,
				2383125C1FB1267F00DB4993 /* ModuleStartViewController.swift */,
				2383125F1FB1268000DB4993 /* EmotionRecognitionGameViewController.swift */,
				23462B731FB52DE500571EAA /* ModuleFinishViewController.swift */,
				19687D111FA3AFA9003E4268 /* Assets.xcassets */,
				237CC5A91FB3994C0098E867 /* Sounds */,
				19687D131FA3AFA9003E4268 /* LaunchScreen.storyboard */,
				19687D161FA3AFA9003E4268 /* Info.plist */,
				19691E891FACE240007FCCC9 /* GoogleService-Info.plist */,
			);
			path = ASDevelop;
			sourceTree = "<group>";
		};
		19687D1E1FA3AFAA003E4268 /* ASDevelopTests */ = {
			isa = PBXGroup;
			children = (
				19687D1F1FA3AFAA003E4268 /* ASDevelopTests.swift */,
				19687D211FA3AFAA003E4268 /* Info.plist */,
			);
			path = ASDevelopTests;
			sourceTree = "<group>";
		};
		19687D291FA3AFAA003E4268 /* ASDevelopUITests */ = {
			isa = PBXGroup;
			children = (
				19687D2A1FA3AFAA003E4268 /* ASDevelopUITests.swift */,
				19687D2C1FA3AFAB003E4268 /* Info.plist */,
			);
			path = ASDevelopUITests;
			sourceTree = "<group>";
		};
		237CC5A91FB3994C0098E867 /* Sounds */ = {
			isa = PBXGroup;
			children = (
				237CC5AC1FB39CF70098E867 /* negative.wav */,
				237CC5AB1FB39CF70098E867 /* positive.wav */,
			);
			path = Sounds;
			sourceTree = "<group>";
		};
		87AAAE7B355F1ED280B702DF /* Frameworks */ = {
			isa = PBXGroup;
			children = (
				3DEA4F1326E2920A510904E7 /* Pods_ASDevelop.framework */,
				DEAFD165636B5137EC931E4C /* Pods_ASDevelopTests.framework */,
				2558C9DF05B80FBEB5EF7065 /* Pods_ASDevelopUITests.framework */,
			);
			name = Frameworks;
			sourceTree = "<group>";
		};
		DB31E6AA5724CCA9BBCDF458 /* Pods */ = {
			isa = PBXGroup;
			children = (
				F4D154B0F00E08C1DEC0A47E /* Pods-ASDevelop.debug.xcconfig */,
				283151B90F62450811B24B53 /* Pods-ASDevelop.release.xcconfig */,
				F374209FF2C2607281947F25 /* Pods-ASDevelopTests.debug.xcconfig */,
				5CF9FB3C2386746D615D9EDD /* Pods-ASDevelopTests.release.xcconfig */,
				3234BEE1E51C908C2243CF9B /* Pods-ASDevelopUITests.debug.xcconfig */,
				3A1DCDECEADC188F9520AF17 /* Pods-ASDevelopUITests.release.xcconfig */,
			);
			name = Pods;
			sourceTree = "<group>";
		};
/* End PBXGroup section */

/* Begin PBXNativeTarget section */
		19687D061FA3AFA8003E4268 /* ASDevelop */ = {
			isa = PBXNativeTarget;
			buildConfigurationList = 19687D2F1FA3AFAB003E4268 /* Build configuration list for PBXNativeTarget "ASDevelop" */;
			buildPhases = (
				A61BAD7747F21BA14E02A66B /* [CP] Check Pods Manifest.lock */,
				19687D031FA3AFA8003E4268 /* Sources */,
				19687D041FA3AFA8003E4268 /* Frameworks */,
				19687D051FA3AFA8003E4268 /* Resources */,
				C9E6D4EA6D2AB8BEBDCE1554 /* [CP] Embed Pods Frameworks */,
				CEE2E0E33ED4D4D84469592E /* [CP] Copy Pods Resources */,
			);
			buildRules = (
			);
			dependencies = (
			);
			name = ASDevelop;
			productName = ASDevelop;
			productReference = 19687D071FA3AFA8003E4268 /* ASDevelop.app */;
			productType = "com.apple.product-type.application";
		};
		19687D1A1FA3AFA9003E4268 /* ASDevelopTests */ = {
			isa = PBXNativeTarget;
			buildConfigurationList = 19687D321FA3AFAB003E4268 /* Build configuration list for PBXNativeTarget "ASDevelopTests" */;
			buildPhases = (
				E19B49383F7D5FC72E2C704E /* [CP] Check Pods Manifest.lock */,
				19687D171FA3AFA9003E4268 /* Sources */,
				19687D181FA3AFA9003E4268 /* Frameworks */,
				19687D191FA3AFA9003E4268 /* Resources */,
				E0725479518AC6AA8FEB97A8 /* [CP] Embed Pods Frameworks */,
				B2A96AA9FF96E0A4E91ADE76 /* [CP] Copy Pods Resources */,
			);
			buildRules = (
			);
			dependencies = (
				19687D1D1FA3AFA9003E4268 /* PBXTargetDependency */,
			);
			name = ASDevelopTests;
			productName = ASDevelopTests;
			productReference = 19687D1B1FA3AFA9003E4268 /* ASDevelopTests.xctest */;
			productType = "com.apple.product-type.bundle.unit-test";
		};
		19687D251FA3AFAA003E4268 /* ASDevelopUITests */ = {
			isa = PBXNativeTarget;
			buildConfigurationList = 19687D351FA3AFAB003E4268 /* Build configuration list for PBXNativeTarget "ASDevelopUITests" */;
			buildPhases = (
				895AB417877A55FC923C5233 /* [CP] Check Pods Manifest.lock */,
				19687D221FA3AFAA003E4268 /* Sources */,
				19687D231FA3AFAA003E4268 /* Frameworks */,
				19687D241FA3AFAA003E4268 /* Resources */,
				6E4B8E6263E6A1E85F186B86 /* [CP] Embed Pods Frameworks */,
				2805FC1DF844256A78F8D37A /* [CP] Copy Pods Resources */,
			);
			buildRules = (
			);
			dependencies = (
				19687D281FA3AFAA003E4268 /* PBXTargetDependency */,
			);
			name = ASDevelopUITests;
			productName = ASDevelopUITests;
			productReference = 19687D261FA3AFAA003E4268 /* ASDevelopUITests.xctest */;
			productType = "com.apple.product-type.bundle.ui-testing";
		};
/* End PBXNativeTarget section */

/* Begin PBXProject section */
		19687CFF1FA3AFA8003E4268 /* Project object */ = {
			isa = PBXProject;
			attributes = {
				LastSwiftUpdateCheck = 0900;
				LastUpgradeCheck = 0900;
				ORGANIZATIONNAME = CMPT275;
				TargetAttributes = {
					19687D061FA3AFA8003E4268 = {
						CreatedOnToolsVersion = 9.0.1;
						ProvisioningStyle = Manual;
					};
					19687D1A1FA3AFA9003E4268 = {
						CreatedOnToolsVersion = 9.0.1;
						ProvisioningStyle = Automatic;
						TestTargetID = 19687D061FA3AFA8003E4268;
					};
					19687D251FA3AFAA003E4268 = {
						CreatedOnToolsVersion = 9.0.1;
						ProvisioningStyle = Automatic;
						TestTargetID = 19687D061FA3AFA8003E4268;
					};
				};
			};
			buildConfigurationList = 19687D021FA3AFA8003E4268 /* Build configuration list for PBXProject "ASDevelop" */;
			compatibilityVersion = "Xcode 8.0";
			developmentRegion = en;
			hasScannedForEncodings = 0;
			knownRegions = (
				en,
				Base,
			);
			mainGroup = 19687CFE1FA3AFA8003E4268;
			productRefGroup = 19687D081FA3AFA8003E4268 /* Products */;
			projectDirPath = "";
			projectRoot = "";
			targets = (
				19687D061FA3AFA8003E4268 /* ASDevelop */,
				19687D1A1FA3AFA9003E4268 /* ASDevelopTests */,
				19687D251FA3AFAA003E4268 /* ASDevelopUITests */,
			);
		};
/* End PBXProject section */

/* Begin PBXResourcesBuildPhase section */
		19687D051FA3AFA8003E4268 /* Resources */ = {
			isa = PBXResourcesBuildPhase;
			buildActionMask = 2147483647;
			files = (
				19687D151FA3AFA9003E4268 /* LaunchScreen.storyboard in Resources */,
				237CC5AE1FB39CF70098E867 /* negative.wav in Resources */,
				237CC5AD1FB39CF70098E867 /* positive.wav in Resources */,
				19691E8A1FACE240007FCCC9 /* GoogleService-Info.plist in Resources */,
				19687D121FA3AFA9003E4268 /* Assets.xcassets in Resources */,
				238312561FB1263A00DB4993 /* Main.storyboard in Resources */,
			);
			runOnlyForDeploymentPostprocessing = 0;
		};
		19687D191FA3AFA9003E4268 /* Resources */ = {
			isa = PBXResourcesBuildPhase;
			buildActionMask = 2147483647;
			files = (
			);
			runOnlyForDeploymentPostprocessing = 0;
		};
		19687D241FA3AFAA003E4268 /* Resources */ = {
			isa = PBXResourcesBuildPhase;
			buildActionMask = 2147483647;
			files = (
			);
			runOnlyForDeploymentPostprocessing = 0;
		};
/* End PBXResourcesBuildPhase section */

/* Begin PBXShellScriptBuildPhase section */
		2805FC1DF844256A78F8D37A /* [CP] Copy Pods Resources */ = {
			isa = PBXShellScriptBuildPhase;
			buildActionMask = 2147483647;
			files = (
			);
			inputPaths = (
			);
			name = "[CP] Copy Pods Resources";
			outputPaths = (
			);
			runOnlyForDeploymentPostprocessing = 0;
			shellPath = /bin/sh;
			shellScript = "\"${SRCROOT}/Pods/Target Support Files/Pods-ASDevelopUITests/Pods-ASDevelopUITests-resources.sh\"\n";
			showEnvVarsInLog = 0;
		};
		6E4B8E6263E6A1E85F186B86 /* [CP] Embed Pods Frameworks */ = {
			isa = PBXShellScriptBuildPhase;
			buildActionMask = 2147483647;
			files = (
			);
			inputPaths = (
			);
			name = "[CP] Embed Pods Frameworks";
			outputPaths = (
			);
			runOnlyForDeploymentPostprocessing = 0;
			shellPath = /bin/sh;
			shellScript = "\"${SRCROOT}/Pods/Target Support Files/Pods-ASDevelopUITests/Pods-ASDevelopUITests-frameworks.sh\"\n";
			showEnvVarsInLog = 0;
		};
		895AB417877A55FC923C5233 /* [CP] Check Pods Manifest.lock */ = {
			isa = PBXShellScriptBuildPhase;
			buildActionMask = 2147483647;
			files = (
			);
			inputPaths = (
				"${PODS_PODFILE_DIR_PATH}/Podfile.lock",
				"${PODS_ROOT}/Manifest.lock",
			);
			name = "[CP] Check Pods Manifest.lock";
			outputPaths = (
				"$(DERIVED_FILE_DIR)/Pods-ASDevelopUITests-checkManifestLockResult.txt",
			);
			runOnlyForDeploymentPostprocessing = 0;
			shellPath = /bin/sh;
			shellScript = "diff \"${PODS_PODFILE_DIR_PATH}/Podfile.lock\" \"${PODS_ROOT}/Manifest.lock\" > /dev/null\nif [ $? != 0 ] ; then\n    # print error to STDERR\n    echo \"error: The sandbox is not in sync with the Podfile.lock. Run 'pod install' or update your CocoaPods installation.\" >&2\n    exit 1\nfi\n# This output is used by Xcode 'outputs' to avoid re-running this script phase.\necho \"SUCCESS\" > \"${SCRIPT_OUTPUT_FILE_0}\"\n";
			showEnvVarsInLog = 0;
		};
		A61BAD7747F21BA14E02A66B /* [CP] Check Pods Manifest.lock */ = {
			isa = PBXShellScriptBuildPhase;
			buildActionMask = 2147483647;
			files = (
			);
			inputPaths = (
				"${PODS_PODFILE_DIR_PATH}/Podfile.lock",
				"${PODS_ROOT}/Manifest.lock",
			);
			name = "[CP] Check Pods Manifest.lock";
			outputPaths = (
				"$(DERIVED_FILE_DIR)/Pods-ASDevelop-checkManifestLockResult.txt",
			);
			runOnlyForDeploymentPostprocessing = 0;
			shellPath = /bin/sh;
			shellScript = "diff \"${PODS_PODFILE_DIR_PATH}/Podfile.lock\" \"${PODS_ROOT}/Manifest.lock\" > /dev/null\nif [ $? != 0 ] ; then\n    # print error to STDERR\n    echo \"error: The sandbox is not in sync with the Podfile.lock. Run 'pod install' or update your CocoaPods installation.\" >&2\n    exit 1\nfi\n# This output is used by Xcode 'outputs' to avoid re-running this script phase.\necho \"SUCCESS\" > \"${SCRIPT_OUTPUT_FILE_0}\"\n";
			showEnvVarsInLog = 0;
		};
		B2A96AA9FF96E0A4E91ADE76 /* [CP] Copy Pods Resources */ = {
			isa = PBXShellScriptBuildPhase;
			buildActionMask = 2147483647;
			files = (
			);
			inputPaths = (
			);
			name = "[CP] Copy Pods Resources";
			outputPaths = (
			);
			runOnlyForDeploymentPostprocessing = 0;
			shellPath = /bin/sh;
			shellScript = "\"${SRCROOT}/Pods/Target Support Files/Pods-ASDevelopTests/Pods-ASDevelopTests-resources.sh\"\n";
			showEnvVarsInLog = 0;
		};
		C9E6D4EA6D2AB8BEBDCE1554 /* [CP] Embed Pods Frameworks */ = {
			isa = PBXShellScriptBuildPhase;
			buildActionMask = 2147483647;
			files = (
			);
			inputPaths = (
				"${SRCROOT}/Pods/Target Support Files/Pods-ASDevelop/Pods-ASDevelop-frameworks.sh",
				"${BUILT_PRODUCTS_DIR}/GTMSessionFetcher/GTMSessionFetcher.framework",
				"${BUILT_PRODUCTS_DIR}/GoogleToolboxForMac/GoogleToolboxForMac.framework",
				"${BUILT_PRODUCTS_DIR}/nanopb/nanopb.framework",
			);
			name = "[CP] Embed Pods Frameworks";
			outputPaths = (
				"${TARGET_BUILD_DIR}/${FRAMEWORKS_FOLDER_PATH}/GTMSessionFetcher.framework",
				"${TARGET_BUILD_DIR}/${FRAMEWORKS_FOLDER_PATH}/GoogleToolboxForMac.framework",
				"${TARGET_BUILD_DIR}/${FRAMEWORKS_FOLDER_PATH}/nanopb.framework",
			);
			runOnlyForDeploymentPostprocessing = 0;
			shellPath = /bin/sh;
			shellScript = "\"${SRCROOT}/Pods/Target Support Files/Pods-ASDevelop/Pods-ASDevelop-frameworks.sh\"\n";
			showEnvVarsInLog = 0;
		};
		CEE2E0E33ED4D4D84469592E /* [CP] Copy Pods Resources */ = {
			isa = PBXShellScriptBuildPhase;
			buildActionMask = 2147483647;
			files = (
			);
			inputPaths = (
			);
			name = "[CP] Copy Pods Resources";
			outputPaths = (
			);
			runOnlyForDeploymentPostprocessing = 0;
			shellPath = /bin/sh;
			shellScript = "\"${SRCROOT}/Pods/Target Support Files/Pods-ASDevelop/Pods-ASDevelop-resources.sh\"\n";
			showEnvVarsInLog = 0;
		};
		E0725479518AC6AA8FEB97A8 /* [CP] Embed Pods Frameworks */ = {
			isa = PBXShellScriptBuildPhase;
			buildActionMask = 2147483647;
			files = (
			);
			inputPaths = (
			);
			name = "[CP] Embed Pods Frameworks";
			outputPaths = (
			);
			runOnlyForDeploymentPostprocessing = 0;
			shellPath = /bin/sh;
			shellScript = "\"${SRCROOT}/Pods/Target Support Files/Pods-ASDevelopTests/Pods-ASDevelopTests-frameworks.sh\"\n";
			showEnvVarsInLog = 0;
		};
		E19B49383F7D5FC72E2C704E /* [CP] Check Pods Manifest.lock */ = {
			isa = PBXShellScriptBuildPhase;
			buildActionMask = 2147483647;
			files = (
			);
			inputPaths = (
				"${PODS_PODFILE_DIR_PATH}/Podfile.lock",
				"${PODS_ROOT}/Manifest.lock",
			);
			name = "[CP] Check Pods Manifest.lock";
			outputPaths = (
				"$(DERIVED_FILE_DIR)/Pods-ASDevelopTests-checkManifestLockResult.txt",
			);
			runOnlyForDeploymentPostprocessing = 0;
			shellPath = /bin/sh;
			shellScript = "diff \"${PODS_PODFILE_DIR_PATH}/Podfile.lock\" \"${PODS_ROOT}/Manifest.lock\" > /dev/null\nif [ $? != 0 ] ; then\n    # print error to STDERR\n    echo \"error: The sandbox is not in sync with the Podfile.lock. Run 'pod install' or update your CocoaPods installation.\" >&2\n    exit 1\nfi\n# This output is used by Xcode 'outputs' to avoid re-running this script phase.\necho \"SUCCESS\" > \"${SCRIPT_OUTPUT_FILE_0}\"\n";
			showEnvVarsInLog = 0;
		};
/* End PBXShellScriptBuildPhase section */

/* Begin PBXSourcesBuildPhase section */
		19687D031FA3AFA8003E4268 /* Sources */ = {
			isa = PBXSourcesBuildPhase;
			buildActionMask = 2147483647;
			files = (
				238312641FB1268000DB4993 /* StudentModulesViewController.swift in Sources */,
				238312671FB1268000DB4993 /* NewModuleViewController.swift in Sources */,
				19687D0D1FA3AFA8003E4268 /* MainLoginViewController.swift in Sources */,
				238312621FB1268000DB4993 /* classes.swift in Sources */,
				19687D0B1FA3AFA8003E4268 /* AppDelegate.swift in Sources */,
				23DF53991FBFCCD600479D4E /* StudentProgressViewController.swift in Sources */,
				23462B741FB52DE500571EAA /* ModuleFinishViewController.swift in Sources */,
				237CC5A81FB398E70098E867 /* InstructorClassroomViewController.swift in Sources */,
				238312691FB1268000DB4993 /* EmotionRecognitionGameViewController.swift in Sources */,
				238312661FB1268000DB4993 /* ModuleStartViewController.swift in Sources */,
				238312631FB1268000DB4993 /* RegisterPageViewController.swift in Sources */,
				2383126A1FB1268000DB4993 /* NewStudentViewController.swift in Sources */,
			);
			runOnlyForDeploymentPostprocessing = 0;
		};
		19687D171FA3AFA9003E4268 /* Sources */ = {
			isa = PBXSourcesBuildPhase;
			buildActionMask = 2147483647;
			files = (
				19687D201FA3AFAA003E4268 /* ASDevelopTests.swift in Sources */,
			);
			runOnlyForDeploymentPostprocessing = 0;
		};
		19687D221FA3AFAA003E4268 /* Sources */ = {
			isa = PBXSourcesBuildPhase;
			buildActionMask = 2147483647;
			files = (
				19687D2B1FA3AFAA003E4268 /* ASDevelopUITests.swift in Sources */,
			);
			runOnlyForDeploymentPostprocessing = 0;
		};
/* End PBXSourcesBuildPhase section */

/* Begin PBXTargetDependency section */
		19687D1D1FA3AFA9003E4268 /* PBXTargetDependency */ = {
			isa = PBXTargetDependency;
			target = 19687D061FA3AFA8003E4268 /* ASDevelop */;
			targetProxy = 19687D1C1FA3AFA9003E4268 /* PBXContainerItemProxy */;
		};
		19687D281FA3AFAA003E4268 /* PBXTargetDependency */ = {
			isa = PBXTargetDependency;
			target = 19687D061FA3AFA8003E4268 /* ASDevelop */;
			targetProxy = 19687D271FA3AFAA003E4268 /* PBXContainerItemProxy */;
		};
/* End PBXTargetDependency section */

/* Begin PBXVariantGroup section */
		19687D131FA3AFA9003E4268 /* LaunchScreen.storyboard */ = {
			isa = PBXVariantGroup;
			children = (
				19687D141FA3AFA9003E4268 /* Base */,
			);
			name = LaunchScreen.storyboard;
			sourceTree = "<group>";
		};
		238312541FB1263900DB4993 /* Main.storyboard */ = {
			isa = PBXVariantGroup;
			children = (
				238312551FB1263900DB4993 /* Base */,
			);
			name = Main.storyboard;
			sourceTree = "<group>";
		};
/* End PBXVariantGroup section */

/* Begin XCBuildConfiguration section */
		19687D2D1FA3AFAB003E4268 /* Debug */ = {
			isa = XCBuildConfiguration;
			buildSettings = {
				ALWAYS_SEARCH_USER_PATHS = NO;
				CLANG_ANALYZER_NONNULL = YES;
				CLANG_ANALYZER_NUMBER_OBJECT_CONVERSION = YES_AGGRESSIVE;
				CLANG_CXX_LANGUAGE_STANDARD = "gnu++14";
				CLANG_CXX_LIBRARY = "libc++";
				CLANG_ENABLE_MODULES = YES;
				CLANG_ENABLE_OBJC_ARC = YES;
				CLANG_WARN_BLOCK_CAPTURE_AUTORELEASING = YES;
				CLANG_WARN_BOOL_CONVERSION = YES;
				CLANG_WARN_COMMA = YES;
				CLANG_WARN_CONSTANT_CONVERSION = YES;
				CLANG_WARN_DIRECT_OBJC_ISA_USAGE = YES_ERROR;
				CLANG_WARN_DOCUMENTATION_COMMENTS = YES;
				CLANG_WARN_EMPTY_BODY = YES;
				CLANG_WARN_ENUM_CONVERSION = YES;
				CLANG_WARN_INFINITE_RECURSION = YES;
				CLANG_WARN_INT_CONVERSION = YES;
				CLANG_WARN_NON_LITERAL_NULL_CONVERSION = YES;
				CLANG_WARN_OBJC_LITERAL_CONVERSION = YES;
				CLANG_WARN_OBJC_ROOT_CLASS = YES_ERROR;
				CLANG_WARN_RANGE_LOOP_ANALYSIS = YES;
				CLANG_WARN_STRICT_PROTOTYPES = YES;
				CLANG_WARN_SUSPICIOUS_MOVE = YES;
				CLANG_WARN_UNGUARDED_AVAILABILITY = YES_AGGRESSIVE;
				CLANG_WARN_UNREACHABLE_CODE = YES;
				CLANG_WARN__DUPLICATE_METHOD_MATCH = YES;
				CODE_SIGN_IDENTITY = "iPhone Developer";
				COPY_PHASE_STRIP = NO;
				DEBUG_INFORMATION_FORMAT = dwarf;
				ENABLE_STRICT_OBJC_MSGSEND = YES;
				ENABLE_TESTABILITY = YES;
				GCC_C_LANGUAGE_STANDARD = gnu11;
				GCC_DYNAMIC_NO_PIC = NO;
				GCC_NO_COMMON_BLOCKS = YES;
				GCC_OPTIMIZATION_LEVEL = 0;
				GCC_PREPROCESSOR_DEFINITIONS = (
					"DEBUG=1",
					"$(inherited)",
				);
				GCC_WARN_64_TO_32_BIT_CONVERSION = YES;
				GCC_WARN_ABOUT_RETURN_TYPE = YES_ERROR;
				GCC_WARN_UNDECLARED_SELECTOR = YES;
				GCC_WARN_UNINITIALIZED_AUTOS = YES_AGGRESSIVE;
				GCC_WARN_UNUSED_FUNCTION = YES;
				GCC_WARN_UNUSED_VARIABLE = YES;
				IPHONEOS_DEPLOYMENT_TARGET = 11.0;
				MTL_ENABLE_DEBUG_INFO = YES;
				ONLY_ACTIVE_ARCH = YES;
				SDKROOT = iphoneos;
				SWIFT_ACTIVE_COMPILATION_CONDITIONS = DEBUG;
				SWIFT_OPTIMIZATION_LEVEL = "-Onone";
			};
			name = Debug;
		};
		19687D2E1FA3AFAB003E4268 /* Release */ = {
			isa = XCBuildConfiguration;
			buildSettings = {
				ALWAYS_SEARCH_USER_PATHS = NO;
				CLANG_ANALYZER_NONNULL = YES;
				CLANG_ANALYZER_NUMBER_OBJECT_CONVERSION = YES_AGGRESSIVE;
				CLANG_CXX_LANGUAGE_STANDARD = "gnu++14";
				CLANG_CXX_LIBRARY = "libc++";
				CLANG_ENABLE_MODULES = YES;
				CLANG_ENABLE_OBJC_ARC = YES;
				CLANG_WARN_BLOCK_CAPTURE_AUTORELEASING = YES;
				CLANG_WARN_BOOL_CONVERSION = YES;
				CLANG_WARN_COMMA = YES;
				CLANG_WARN_CONSTANT_CONVERSION = YES;
				CLANG_WARN_DIRECT_OBJC_ISA_USAGE = YES_ERROR;
				CLANG_WARN_DOCUMENTATION_COMMENTS = YES;
				CLANG_WARN_EMPTY_BODY = YES;
				CLANG_WARN_ENUM_CONVERSION = YES;
				CLANG_WARN_INFINITE_RECURSION = YES;
				CLANG_WARN_INT_CONVERSION = YES;
				CLANG_WARN_NON_LITERAL_NULL_CONVERSION = YES;
				CLANG_WARN_OBJC_LITERAL_CONVERSION = YES;
				CLANG_WARN_OBJC_ROOT_CLASS = YES_ERROR;
				CLANG_WARN_RANGE_LOOP_ANALYSIS = YES;
				CLANG_WARN_STRICT_PROTOTYPES = YES;
				CLANG_WARN_SUSPICIOUS_MOVE = YES;
				CLANG_WARN_UNGUARDED_AVAILABILITY = YES_AGGRESSIVE;
				CLANG_WARN_UNREACHABLE_CODE = YES;
				CLANG_WARN__DUPLICATE_METHOD_MATCH = YES;
				CODE_SIGN_IDENTITY = "iPhone Developer";
				COPY_PHASE_STRIP = NO;
				DEBUG_INFORMATION_FORMAT = "dwarf-with-dsym";
				ENABLE_NS_ASSERTIONS = NO;
				ENABLE_STRICT_OBJC_MSGSEND = YES;
				GCC_C_LANGUAGE_STANDARD = gnu11;
				GCC_NO_COMMON_BLOCKS = YES;
				GCC_WARN_64_TO_32_BIT_CONVERSION = YES;
				GCC_WARN_ABOUT_RETURN_TYPE = YES_ERROR;
				GCC_WARN_UNDECLARED_SELECTOR = YES;
				GCC_WARN_UNINITIALIZED_AUTOS = YES_AGGRESSIVE;
				GCC_WARN_UNUSED_FUNCTION = YES;
				GCC_WARN_UNUSED_VARIABLE = YES;
				IPHONEOS_DEPLOYMENT_TARGET = 11.0;
				MTL_ENABLE_DEBUG_INFO = NO;
				SDKROOT = iphoneos;
				SWIFT_OPTIMIZATION_LEVEL = "-Owholemodule";
				VALIDATE_PRODUCT = YES;
			};
			name = Release;
		};
		19687D301FA3AFAB003E4268 /* Debug */ = {
			isa = XCBuildConfiguration;
			baseConfigurationReference = F4D154B0F00E08C1DEC0A47E /* Pods-ASDevelop.debug.xcconfig */;
			buildSettings = {
				ASSETCATALOG_COMPILER_APPICON_NAME = AppIcon;
				CODE_SIGN_STYLE = Manual;
				DEVELOPMENT_TEAM = "";
				FRAMEWORK_SEARCH_PATHS = (
					"$(inherited)",
					"$(PROJECT_DIR)/ASDevelop/ASDevelop/Pods/FirebaseAnalytics/Frameworks",
				);
				INFOPLIST_FILE = ASDevelop/Info.plist;
				LD_RUNPATH_SEARCH_PATHS = "$(inherited) @executable_path/Frameworks";
				PRODUCT_BUNDLE_IDENTIFIER = group03.ASDevelop;
				PRODUCT_NAME = "$(TARGET_NAME)";
				PROVISIONING_PROFILE_SPECIFIER = "";
				SWIFT_VERSION = 4.0;
				TARGETED_DEVICE_FAMILY = 2;
			};
			name = Debug;
		};
		19687D311FA3AFAB003E4268 /* Release */ = {
			isa = XCBuildConfiguration;
			baseConfigurationReference = 283151B90F62450811B24B53 /* Pods-ASDevelop.release.xcconfig */;
			buildSettings = {
				ASSETCATALOG_COMPILER_APPICON_NAME = AppIcon;
				CODE_SIGN_STYLE = Manual;
				DEVELOPMENT_TEAM = "";
				FRAMEWORK_SEARCH_PATHS = (
					"$(inherited)",
					"$(PROJECT_DIR)/ASDevelop/ASDevelop/Pods/FirebaseAnalytics/Frameworks",
				);
				INFOPLIST_FILE = ASDevelop/Info.plist;
				LD_RUNPATH_SEARCH_PATHS = "$(inherited) @executable_path/Frameworks";
				PRODUCT_BUNDLE_IDENTIFIER = group03.ASDevelop;
				PRODUCT_NAME = "$(TARGET_NAME)";
				PROVISIONING_PROFILE_SPECIFIER = "";
				SWIFT_VERSION = 4.0;
				TARGETED_DEVICE_FAMILY = 2;
			};
			name = Release;
		};
		19687D331FA3AFAB003E4268 /* Debug */ = {
			isa = XCBuildConfiguration;
			baseConfigurationReference = F374209FF2C2607281947F25 /* Pods-ASDevelopTests.debug.xcconfig */;
			buildSettings = {
				ALWAYS_EMBED_SWIFT_STANDARD_LIBRARIES = YES;
				BUNDLE_LOADER = "$(TEST_HOST)";
				CODE_SIGN_STYLE = Automatic;
				INFOPLIST_FILE = ASDevelopTests/Info.plist;
				LD_RUNPATH_SEARCH_PATHS = "$(inherited) @executable_path/Frameworks @loader_path/Frameworks";
				PRODUCT_BUNDLE_IDENTIFIER = group03.ASDevelopTests;
				PRODUCT_NAME = "$(TARGET_NAME)";
				SWIFT_VERSION = 4.0;
				TARGETED_DEVICE_FAMILY = "1,2";
				TEST_HOST = "$(BUILT_PRODUCTS_DIR)/ASDevelop.app/ASDevelop";
			};
			name = Debug;
		};
		19687D341FA3AFAB003E4268 /* Release */ = {
			isa = XCBuildConfiguration;
			baseConfigurationReference = 5CF9FB3C2386746D615D9EDD /* Pods-ASDevelopTests.release.xcconfig */;
			buildSettings = {
				ALWAYS_EMBED_SWIFT_STANDARD_LIBRARIES = YES;
				BUNDLE_LOADER = "$(TEST_HOST)";
				CODE_SIGN_STYLE = Automatic;
				INFOPLIST_FILE = ASDevelopTests/Info.plist;
				LD_RUNPATH_SEARCH_PATHS = "$(inherited) @executable_path/Frameworks @loader_path/Frameworks";
				PRODUCT_BUNDLE_IDENTIFIER = group03.ASDevelopTests;
				PRODUCT_NAME = "$(TARGET_NAME)";
				SWIFT_VERSION = 4.0;
				TARGETED_DEVICE_FAMILY = "1,2";
				TEST_HOST = "$(BUILT_PRODUCTS_DIR)/ASDevelop.app/ASDevelop";
			};
			name = Release;
		};
		19687D361FA3AFAB003E4268 /* Debug */ = {
			isa = XCBuildConfiguration;
			baseConfigurationReference = 3234BEE1E51C908C2243CF9B /* Pods-ASDevelopUITests.debug.xcconfig */;
			buildSettings = {
				ALWAYS_EMBED_SWIFT_STANDARD_LIBRARIES = YES;
				CODE_SIGN_STYLE = Automatic;
				INFOPLIST_FILE = ASDevelopUITests/Info.plist;
				LD_RUNPATH_SEARCH_PATHS = "$(inherited) @executable_path/Frameworks @loader_path/Frameworks";
				PRODUCT_BUNDLE_IDENTIFIER = group03.ASDevelopUITests;
				PRODUCT_NAME = "$(TARGET_NAME)";
				SWIFT_VERSION = 4.0;
				TARGETED_DEVICE_FAMILY = "1,2";
				TEST_TARGET_NAME = ASDevelop;
			};
			name = Debug;
		};
		19687D371FA3AFAB003E4268 /* Release */ = {
			isa = XCBuildConfiguration;
			baseConfigurationReference = 3A1DCDECEADC188F9520AF17 /* Pods-ASDevelopUITests.release.xcconfig */;
			buildSettings = {
				ALWAYS_EMBED_SWIFT_STANDARD_LIBRARIES = YES;
				CODE_SIGN_STYLE = Automatic;
				INFOPLIST_FILE = ASDevelopUITests/Info.plist;
				LD_RUNPATH_SEARCH_PATHS = "$(inherited) @executable_path/Frameworks @loader_path/Frameworks";
				PRODUCT_BUNDLE_IDENTIFIER = group03.ASDevelopUITests;
				PRODUCT_NAME = "$(TARGET_NAME)";
				SWIFT_VERSION = 4.0;
				TARGETED_DEVICE_FAMILY = "1,2";
				TEST_TARGET_NAME = ASDevelop;
			};
			name = Release;
		};
/* End XCBuildConfiguration section */

/* Begin XCConfigurationList section */
		19687D021FA3AFA8003E4268 /* Build configuration list for PBXProject "ASDevelop" */ = {
			isa = XCConfigurationList;
			buildConfigurations = (
				19687D2D1FA3AFAB003E4268 /* Debug */,
				19687D2E1FA3AFAB003E4268 /* Release */,
			);
			defaultConfigurationIsVisible = 0;
			defaultConfigurationName = Release;
		};
		19687D2F1FA3AFAB003E4268 /* Build configuration list for PBXNativeTarget "ASDevelop" */ = {
			isa = XCConfigurationList;
			buildConfigurations = (
				19687D301FA3AFAB003E4268 /* Debug */,
				19687D311FA3AFAB003E4268 /* Release */,
			);
			defaultConfigurationIsVisible = 0;
			defaultConfigurationName = Release;
		};
		19687D321FA3AFAB003E4268 /* Build configuration list for PBXNativeTarget "ASDevelopTests" */ = {
			isa = XCConfigurationList;
			buildConfigurations = (
				19687D331FA3AFAB003E4268 /* Debug */,
				19687D341FA3AFAB003E4268 /* Release */,
			);
			defaultConfigurationIsVisible = 0;
			defaultConfigurationName = Release;
		};
		19687D351FA3AFAB003E4268 /* Build configuration list for PBXNativeTarget "ASDevelopUITests" */ = {
			isa = XCConfigurationList;
			buildConfigurations = (
				19687D361FA3AFAB003E4268 /* Debug */,
				19687D371FA3AFAB003E4268 /* Release */,
			);
			defaultConfigurationIsVisible = 0;
			defaultConfigurationName = Release;
		};
/* End XCConfigurationList section */
	};
	rootObject = 19687CFF1FA3AFA8003E4268 /* Project object */;
}
